{
  "version": 4,
  "terraform_version": "1.5.7",
  "serial": 7,
  "lineage": "564f507b-8eb0-d278-c47a-080a006e59b6",
  "outputs": {
    "ip_vm": {
      "value": "34.79.156.176",
      "type": "string"
    }
  },
  "resources": [
    {
      "mode": "managed",
      "type": "google_compute_instance",
      "name": "api_vm",
      "provider": "provider[\"registry.terraform.io/hashicorp/google\"]",
      "instances": [
        {
          "schema_version": 6,
          "attributes": {
            "advanced_machine_features": [],
            "allow_stopping_for_update": null,
            "attached_disk": [],
            "boot_disk": [
              {
                "auto_delete": true,
                "device_name": "persistent-disk-0",
                "disk_encryption_key_raw": "",
                "disk_encryption_key_rsa": "",
                "disk_encryption_key_sha256": "",
                "disk_encryption_service_account": "",
                "guest_os_features": [
                  "VIRTIO_SCSI_MULTIQUEUE",
                  "SEV_CAPABLE",
                  "SEV_SNP_CAPABLE",
                  "SEV_LIVE_MIGRATABLE",
                  "SEV_LIVE_MIGRATABLE_V2",
                  "IDPF",
                  "TDX_CAPABLE",
                  "UEFI_COMPATIBLE",
                  "GVNIC"
                ],
                "initialize_params": [
                  {
                    "architecture": "X86_64",
                    "enable_confidential_compute": false,
                    "image": "https://www.googleapis.com/compute/v1/projects/ubuntu-os-cloud/global/images/ubuntu-2204-jammy-v20250508",
                    "labels": {},
                    "provisioned_iops": 0,
                    "provisioned_throughput": 0,
                    "resource_manager_tags": {},
                    "resource_policies": [],
                    "size": 10,
                    "snapshot": "",
                    "source_image_encryption_key": [],
                    "source_snapshot_encryption_key": [],
                    "storage_pool": "",
                    "type": "pd-standard"
                  }
                ],
                "interface": "",
                "kms_key_self_link": "",
                "mode": "READ_WRITE",
                "source": "https://www.googleapis.com/compute/v1/projects/terraform-460408/zones/europe-west1-b/disks/api-vm"
              }
            ],
            "can_ip_forward": false,
            "confidential_instance_config": [],
            "cpu_platform": "Intel Haswell",
            "creation_timestamp": "2025-05-20T03:11:49.558-07:00",
            "current_status": "RUNNING",
            "deletion_protection": false,
            "description": "",
            "desired_status": null,
            "effective_labels": {
              "goog-terraform-provisioned": "true"
            },
            "enable_display": false,
            "guest_accelerator": [],
            "hostname": "",
            "id": "projects/terraform-460408/zones/europe-west1-b/instances/api-vm",
            "instance_encryption_key": [],
            "instance_id": "1022438635984776074",
            "key_revocation_action_type": "",
            "label_fingerprint": "vezUS-42LLM=",
            "labels": {},
            "machine_type": "f1-micro",
            "metadata": {
              "ssh-keys": "ubuntu:ssh-rsa AAAAB3NzaC1yc2EAAAADAQABAAACAQDVASXAxxgyvtuUVvk2Mg5R6TVZj07SiKMdYuJuPh0/nblYamY0OWyILAzAYSJ2wK72pv1YIIZs3Jcs2WKTT9JpXmjaYEWTKlzUrpvLIv3uiCzx5QKq7RdkdmzNLw+aMyBw50bDZy0Z+lghJCTlkg+Y9UnFh8wYJMo5OAlb624au6t1JMn9ibHZlSTn6Kx4114k8FPYhjna5mEQt5MlhCs/X+5TBlPMzu4dIz1c9bIA0N2oxWIYRw/QdXlobF7BUHsr5wF4ke/8vigk0rHRgETXUMlY1lsuKcLD1z8EGzaXU5H0rWexWDuH+kmApDbOoTR7d3SBAp1s8B1Xs+8vc68d+1hHqnqFQH/ODFt42rNX3xNwxHgnldLaYCyr4ZMWU3LuH7OaTGef/SqMbQPP8x0xLSu95o441uL1NdeliPujfxvBhIchbI5s8dcB9EjrRO4PaGApBS3i++mdgA51oa1eO3X21HW/G2y2ZIcnOunztlgIilu7KeFkW+purtdoJjZHzBYfXf7juMdql7rVVWInVYA553RMe/Uzs9dN+KBEY6Hyr0JJy4yJbo0a0YhRqpV6GaYp1yjn6J2KLFpw92O1xULJVOzwvFP493aNET2MT4RCy9NG4Z6vN3lIrM2DJI8M8QBRy5eZi2sV0sx2H1v6jcm+zzXrB3v2GAL65VXlxw== TP_CICD"
            },
            "metadata_fingerprint": "kbefpQwRyH4=",
            "metadata_startup_script": "#!/bin/bash\napt update\napt install -y git\n",
            "min_cpu_platform": "",
            "name": "api-vm",
            "network_interface": [
              {
                "access_config": [
                  {
                    "nat_ip": "34.79.156.176",
                    "network_tier": "PREMIUM",
                    "public_ptr_domain_name": ""
                  }
                ],
                "alias_ip_range": [],
                "internal_ipv6_prefix_length": 0,
                "ipv6_access_config": [],
                "ipv6_access_type": "",
                "ipv6_address": "",
                "name": "nic0",
                "network": "https://www.googleapis.com/compute/v1/projects/terraform-460408/global/networks/default",
                "network_attachment": "",
                "network_ip": "10.132.0.5",
                "nic_type": "",
                "queue_count": 0,
                "stack_type": "IPV4_ONLY",
                "subnetwork": "https://www.googleapis.com/compute/v1/projects/terraform-460408/regions/europe-west1/subnetworks/default",
                "subnetwork_project": "terraform-460408"
              }
            ],
            "network_performance_config": [],
            "params": [],
            "project": "terraform-460408",
            "reservation_affinity": [],
            "resource_policies": [],
            "scheduling": [
              {
                "automatic_restart": true,
                "availability_domain": 0,
                "instance_termination_action": "",
                "local_ssd_recovery_timeout": [],
                "max_run_duration": [],
                "min_node_cpus": 0,
                "node_affinities": [],
                "on_host_maintenance": "MIGRATE",
                "on_instance_stop_action": [],
                "preemptible": false,
                "provisioning_model": "STANDARD",
                "termination_time": ""
              }
            ],
            "scratch_disk": [],
            "self_link": "https://www.googleapis.com/compute/v1/projects/terraform-460408/zones/europe-west1-b/instances/api-vm",
            "service_account": [],
            "shielded_instance_config": [
              {
                "enable_integrity_monitoring": true,
                "enable_secure_boot": false,
                "enable_vtpm": true
              }
            ],
            "tags": [
              "http-server",
              "https-server"
            ],
            "tags_fingerprint": "6smc4R4d39I=",
            "terraform_labels": {
              "goog-terraform-provisioned": "true"
            },
            "timeouts": null,
            "zone": "europe-west1-b"
          },
          "sensitive_attributes": [],
          "private": "eyJlMmJmYjczMC1lY2FhLTExZTYtOGY4OC0zNDM2M2JjN2M0YzAiOnsiY3JlYXRlIjoxMjAwMDAwMDAwMDAwLCJkZWxldGUiOjEyMDAwMDAwMDAwMDAsInVwZGF0ZSI6MTIwMDAwMDAwMDAwMH0sInNjaGVtYV92ZXJzaW9uIjoiNiJ9"
        }
      ]
    }
  ],
  "check_results": null
}
